
Microsoft Visual Studio Solution File, Format Version 12.00
# Visual Studio Version 17
VisualStudioVersion = 17.10.34916.146
MinimumVisualStudioVersion = 10.0.40219.1
Project("{FAE04EC0-301F-11D3-BF4B-00C04F79EFBC}") = "MovieRepoApp", "MovieRepoApp.csproj", "{2B43FCF8-8B19-4E2D-A7F5-C2214F94E0E8}"
EndProject
Global
	GlobalSection(SolutionConfigurationPlatforms) = preSolution
		Debug|Any CPU = Debug|Any CPU
		Release|Any CPU = Release|Any CPU
	EndGlobalSection
	GlobalSection(ProjectConfigurationPlatforms) = postSolution
		{2B43FCF8-8B19-4E2D-A7F5-C2214F94E0E8}.Debug|Any CPU.ActiveCfg = Debug|Any CPU
		{2B43FCF8-8B19-4E2D-A7F5-C2214F94E0E8}.Debug|Any CPU.Build.0 = Debug|Any CPU
		{2B43FCF8-8B19-4E2D-A7F5-C2214F94E0E8}.Debug|Any CPU.Deploy.0 = Debug|Any CPU
		{2B43FCF8-8B19-4E2D-A7F5-C2214F94E0E8}.Release|Any CPU.ActiveCfg = Release|Any CPU
		{2B43FCF8-8B19-4E2D-A7F5-C2214F94E0E8}.Release|Any CPU.Build.0 = Release|Any CPU
		{2B43FCF8-8B19-4E2D-A7F5-C2214F94E0E8}.Release|Any CPU.Deploy.0 = Release|Any CPU
	EndGlobalSection
	GlobalSection(SolutionProperties) = preSolution
		HideSolutionNode = FALSE
	EndGlobalSection
	GlobalSection(ExtensibilityGlobals) = postSolution
		SolutionGuid = {38864F53-82DA-4762-990A-4F2873338E40}
	EndGlobalSection
EndGlobal
